
Microsoft Visual Studio Solution File, Format Version 12.00
# Visual Studio Version 16
VisualStudioVersion = 16.0.33927.289
MinimumVisualStudioVersion = 10.0.40219.1
Project("{FAE04EC0-301F-11D3-BF4B-00C04F79EFBC}") = "AudioTutorial", "AudioTutorial\AudioTutorial.csproj", "{CB2D26EE-C13D-44A3-A4BA-FB02DA173C30}"
EndProject
Global
	GlobalSection(SolutionConfigurationPlatforms) = preSolution
		Debug|Any CPU = Debug|Any CPU
		Release|Any CPU = Release|Any CPU
	EndGlobalSection
	GlobalSection(ProjectConfigurationPlatforms) = postSolution
		{CB2D26EE-C13D-44A3-A4BA-FB02DA173C30}.Debug|Any CPU.ActiveCfg = Debug|Any CPU
		{CB2D26EE-C13D-44A3-A4BA-FB02DA173C30}.Debug|Any CPU.Build.0 = Debug|Any CPU
		{CB2D26EE-C13D-44A3-A4BA-FB02DA173C30}.Release|Any CPU.ActiveCfg = Release|Any CPU
		{CB2D26EE-C13D-44A3-A4BA-FB02DA173C30}.Release|Any CPU.Build.0 = Release|Any CPU
	EndGlobalSection
	GlobalSection(SolutionProperties) = preSolution
		HideSolutionNode = FALSE
	EndGlobalSection
	GlobalSection(ExtensibilityGlobals) = postSolution
		SolutionGuid = {70590A91-D38F-436E-9B86-8FFF4D8311D5}
	EndGlobalSection
EndGlobal
